{
  "nodes": {
    "network-labs": {
      "flake": false,
      "locked": {
        "lastModified": 1776645076,
        "narHash": "sha256-9vZ3x/DAlaryu7JKh2lPC3kr/S92BgBK5VAR9nMxzJ8=",
        "ref": "refs/heads/main",
        "rev": "42dca0ae32ab565dcf83f957dc2b3589c4224962",
        "revCount": 39,
        "type": "git",
        "url": "ssh://git@github.com/esp0xdeadbeef/network-labs.git"
      },
      "original": {
        "type": "git",
        "url": "ssh://git@github.com/esp0xdeadbeef/network-labs.git"
      }
    },
    "nixpkgs": {
      "locked": {
        "lastModified": 1771369470,
        "narHash": "sha256-0NBlEBKkN3lufyvFegY4TYv5mCNHbi5OmBDrzihbBMQ=",
        "owner": "NixOS",
        "repo": "nixpkgs",
        "rev": "0182a361324364ae3f436a63005877674cf45efb",
        "type": "github"
      },
      "original": {
        "owner": "NixOS",
        "repo": "nixpkgs",
        "rev": "0182a361324364ae3f436a63005877674cf45efb",
        "type": "github"
      }
    },
    "nixpkgs-network": {
      "locked": {
        "lastModified": 1722112448,
        "narHash": "sha256-Ugp/K1wA7N0u0xE27YP/fvFaZqK9dYKSjJ/OoTdQ7rc=",
        "owner": "NixOS",
        "repo": "nixpkgs",
        "rev": "ac56c456ebe4901c561d3ebf1c98fbd970aea753",
        "type": "github"
      },
      "original": {
        "owner": "NixOS",
        "repo": "nixpkgs",
        "rev": "ac56c456ebe4901c561d3ebf1c98fbd970aea753",
        "type": "github"
      }
    },
    "root": {
      "inputs": {
        "network-labs": "network-labs",
        "nixpkgs": "nixpkgs",
        "nixpkgs-network": "nixpkgs-network"
      }
    }
  },
  "root": "root",
  "version": 7
}
